
Microsoft Visual Studio Solution File, Format Version 12.00
# Visual Studio Version 16
VisualStudioVersion = 16.0.32602.291
MinimumVisualStudioVersion = 10.0.40219.1
Project("{FAE04EC0-301F-11D3-BF4B-00C04F79EFBC}") = "CalculatorApp", "CalculatorApp.csproj", "{35556C73-4DEF-4A4D-AFA9-57294257D916}"
EndProject
Project("{FAE04EC0-301F-11D3-BF4B-00C04F79EFBC}") = "Calculator", "..\Calculator\Calculator.csproj", "{07E42B09-E479-4C99-97A4-CBCB9F7D3119}"
EndProject
Global
	GlobalSection(SolutionConfigurationPlatforms) = preSolution
		Debug|Any CPU = Debug|Any CPU
		Release|Any CPU = Release|Any CPU
	EndGlobalSection
	GlobalSection(ProjectConfigurationPlatforms) = postSolution
		{35556C73-4DEF-4A4D-AFA9-57294257D916}.Debug|Any CPU.ActiveCfg = Debug|Any CPU
		{35556C73-4DEF-4A4D-AFA9-57294257D916}.Debug|Any CPU.Build.0 = Debug|Any CPU
		{35556C73-4DEF-4A4D-AFA9-57294257D916}.Release|Any CPU.ActiveCfg = Release|Any CPU
		{35556C73-4DEF-4A4D-AFA9-57294257D916}.Release|Any CPU.Build.0 = Release|Any CPU
		{07E42B09-E479-4C99-97A4-CBCB9F7D3119}.Debug|Any CPU.ActiveCfg = Debug|Any CPU
		{07E42B09-E479-4C99-97A4-CBCB9F7D3119}.Debug|Any CPU.Build.0 = Debug|Any CPU
		{07E42B09-E479-4C99-97A4-CBCB9F7D3119}.Release|Any CPU.ActiveCfg = Release|Any CPU
		{07E42B09-E479-4C99-97A4-CBCB9F7D3119}.Release|Any CPU.Build.0 = Release|Any CPU
	EndGlobalSection
	GlobalSection(SolutionProperties) = preSolution
		HideSolutionNode = FALSE
	EndGlobalSection
	GlobalSection(ExtensibilityGlobals) = postSolution
		SolutionGuid = {14C85FDE-5569-48C2-BF9F-0E6A775D3121}
	EndGlobalSection
EndGlobal
